
Microsoft Visual Studio Solution File, Format Version 12.00
# Visual Studio 15
VisualStudioVersion = 15.0.27130.2024
MinimumVisualStudioVersion = 10.0.40219.1
Project("{8BC9CEB8-8B4A-11D0-8D11-00A0C91BC942}") = "Empty", "Empty\Empty.vcxproj", "{55A4C04E-BB36-489F-9A06-3E2C1F157704}"
EndProject
Project("{8BC9CEB8-8B4A-11D0-8D11-00A0C91BC942}") = "UTFImageConverter", "UTFImageConverter\UTFImageConverter.vcxproj", "{C984F7BC-F597-411F-88B3-30ACFB86FB0E}"
EndProject
Global
	GlobalSection(SolutionConfigurationPlatforms) = preSolution
		Debug|x64 = Debug|x64
		Debug|x86 = Debug|x86
		Release|x64 = Release|x64
		Release|x86 = Release|x86
	EndGlobalSection
	GlobalSection(ProjectConfigurationPlatforms) = postSolution
		{55A4C04E-BB36-489F-9A06-3E2C1F157704}.Debug|x64.ActiveCfg = Debug|x64
		{55A4C04E-BB36-489F-9A06-3E2C1F157704}.Debug|x64.Build.0 = Debug|x64
		{55A4C04E-BB36-489F-9A06-3E2C1F157704}.Debug|x86.ActiveCfg = Debug|Win32
		{55A4C04E-BB36-489F-9A06-3E2C1F157704}.Debug|x86.Build.0 = Debug|Win32
		{55A4C04E-BB36-489F-9A06-3E2C1F157704}.Release|x64.ActiveCfg = Release|x64
		{55A4C04E-BB36-489F-9A06-3E2C1F157704}.Release|x64.Build.0 = Release|x64
		{55A4C04E-BB36-489F-9A06-3E2C1F157704}.Release|x86.ActiveCfg = Release|Win32
		{55A4C04E-BB36-489F-9A06-3E2C1F157704}.Release|x86.Build.0 = Release|Win32
		{C984F7BC-F597-411F-88B3-30ACFB86FB0E}.Debug|x64.ActiveCfg = Debug|x64
		{C984F7BC-F597-411F-88B3-30ACFB86FB0E}.Debug|x64.Build.0 = Debug|x64
		{C984F7BC-F597-411F-88B3-30ACFB86FB0E}.Debug|x86.ActiveCfg = Debug|Win32
		{C984F7BC-F597-411F-88B3-30ACFB86FB0E}.Debug|x86.Build.0 = Debug|Win32
		{C984F7BC-F597-411F-88B3-30ACFB86FB0E}.Release|x64.ActiveCfg = Release|x64
		{C984F7BC-F597-411F-88B3-30ACFB86FB0E}.Release|x64.Build.0 = Release|x64
		{C984F7BC-F597-411F-88B3-30ACFB86FB0E}.Release|x86.ActiveCfg = Release|Win32
		{C984F7BC-F597-411F-88B3-30ACFB86FB0E}.Release|x86.Build.0 = Release|Win32
	EndGlobalSection
	GlobalSection(SolutionProperties) = preSolution
		HideSolutionNode = FALSE
	EndGlobalSection
	GlobalSection(ExtensibilityGlobals) = postSolution
		SolutionGuid = {5697943F-4C03-42AB-9F76-B1A0D3BAA55D}
	EndGlobalSection
EndGlobal
